// !$*UTF8*$!
{
	archiveVersion = 1;
	classes = {
	};
	objectVersion = 53;
	objects = {

/* Begin PBXBuildFile section */
		0B6F5964294C353200D05C2A /* SoundControlView.swift in Sources */ = {isa = PBXBuildFile; fileRef = 0B6F5963294C353200D05C2A /* SoundControlView.swift */; };
		0B6F5966294C354200D05C2A /* PlayerControlView.swift in Sources */ = {isa = PBXBuildFile; fileRef = 0B6F5965294C354200D05C2A /* PlayerControlView.swift */; };
		0B6F5968294C355300D05C2A /* AudioSliderView.swift in Sources */ = {isa = PBXBuildFile; fileRef = 0B6F5967294C355300D05C2A /* AudioSliderView.swift */; };
		0B6F596B294C5CF200D05C2A /* SnapKit in Frameworks */ = {isa = PBXBuildFile; productRef = 0B6F596A294C5CF200D05C2A /* SnapKit */; };
		0B6F596D294C672E00D05C2A /* CMTime+Extensions.swift in Sources */ = {isa = PBXBuildFile; fileRef = 0B6F596C294C672E00D05C2A /* CMTime+Extensions.swift */; };
		0BB7BC69294F12FB006D560E /* AudioSliderViewModel.swift in Sources */ = {isa = PBXBuildFile; fileRef = 0BB7BC68294F12FB006D560E /* AudioSliderViewModel.swift */; };
		0BB7BC6B294F1542006D560E /* PlayerControlViewModel.swift in Sources */ = {isa = PBXBuildFile; fileRef = 0BB7BC6A294F1542006D560E /* PlayerControlViewModel.swift */; };
		0BB7BC6D294F2548006D560E /* SoundControlViewModel.swift in Sources */ = {isa = PBXBuildFile; fileRef = 0BB7BC6C294F2548006D560E /* SoundControlViewModel.swift */; };
		0BF84FBF294632A6004F044D /* AppDelegate.swift in Sources */ = {isa = PBXBuildFile; fileRef = 0BF84FBE294632A6004F044D /* AppDelegate.swift */; };
		0BF84FC1294632A6004F044D /* SceneDelegate.swift in Sources */ = {isa = PBXBuildFile; fileRef = 0BF84FC0294632A6004F044D /* SceneDelegate.swift */; };
		0BF84FC8294632A7004F044D /* Assets.xcassets in Resources */ = {isa = PBXBuildFile; fileRef = 0BF84FC7294632A7004F044D /* Assets.xcassets */; };
		0BF84FCB294632A7004F044D /* LaunchScreen.storyboard in Resources */ = {isa = PBXBuildFile; fileRef = 0BF84FC9294632A7004F044D /* LaunchScreen.storyboard */; };
		0BF84FD6294632A8004F044D /* PodCastTests.swift in Sources */ = {isa = PBXBuildFile; fileRef = 0BF84FD5294632A8004F044D /* PodCastTests.swift */; };
		0BF84FE0294632A8004F044D /* PodCastUITests.swift in Sources */ = {isa = PBXBuildFile; fileRef = 0BF84FDF294632A8004F044D /* PodCastUITests.swift */; };
		0BF84FE2294632A8004F044D /* PodCastUITestsLaunchTests.swift in Sources */ = {isa = PBXBuildFile; fileRef = 0BF84FE1294632A8004F044D /* PodCastUITestsLaunchTests.swift */; };
		0BF84FF429463349004F044D /* MainTabBarController.swift in Sources */ = {isa = PBXBuildFile; fileRef = 0BF84FF329463349004F044D /* MainTabBarController.swift */; };
		0BF84FF8294634A9004F044D /* FavoriteViewController.swift in Sources */ = {isa = PBXBuildFile; fileRef = 0BF84FF7294634A9004F044D /* FavoriteViewController.swift */; };
		0BF84FFC29463822004F044D /* PodcastSearchViewController.swift in Sources */ = {isa = PBXBuildFile; fileRef = 0BF84FFB29463822004F044D /* PodcastSearchViewController.swift */; };
		0BF850002946D162004F044D /* Podcast.swift in Sources */ = {isa = PBXBuildFile; fileRef = 0BF84FFF2946D162004F044D /* Podcast.swift */; };
		0BF850032946D7B3004F044D /* NetworkManager.swift in Sources */ = {isa = PBXBuildFile; fileRef = 0BF850022946D7B3004F044D /* NetworkManager.swift */; };
		0BF850072946D7DC004F044D /* PodCastNetworkManager.swift in Sources */ = {isa = PBXBuildFile; fileRef = 0BF850062946D7DC004F044D /* PodCastNetworkManager.swift */; };
		0BF8500A2946D915004F044D /* RemoteAPIError.swift in Sources */ = {isa = PBXBuildFile; fileRef = 0BF850092946D915004F044D /* RemoteAPIError.swift */; };
		0BF8500D2946DA05004F044D /* SearchPodCastRemoteAPI.swift in Sources */ = {isa = PBXBuildFile; fileRef = 0BF8500C2946DA05004F044D /* SearchPodCastRemoteAPI.swift */; };
		0BF850102946DA65004F044D /* ItunesPodCastSearchRemoteAPI.swift in Sources */ = {isa = PBXBuildFile; fileRef = 0BF8500F2946DA65004F044D /* ItunesPodCastSearchRemoteAPI.swift */; };
		0BF850452947667E004F044D /* SearchViewModel.swift in Sources */ = {isa = PBXBuildFile; fileRef = 0BF850442947667E004F044D /* SearchViewModel.swift */; };
		0BF85047294835A8004F044D /* SearchResult.swift in Sources */ = {isa = PBXBuildFile; fileRef = 0BF85046294835A8004F044D /* SearchResult.swift */; };
		0BF8504B29483C05004F044D /* PodCastDependencyContainer.swift in Sources */ = {isa = PBXBuildFile; fileRef = 0BF8504A29483C05004F044D /* PodCastDependencyContainer.swift */; };
		0BF8505129484041004F044D /* SDWebImage in Frameworks */ = {isa = PBXBuildFile; productRef = 0BF8505029484041004F044D /* SDWebImage */; };
		0BF8505429487585004F044D /* PodCastListTableViewCell.swift in Sources */ = {isa = PBXBuildFile; fileRef = 0BF8505329487585004F044D /* PodCastListTableViewCell.swift */; };
		0BF850582948D234004F044D /* EpisodeViewController.swift in Sources */ = {isa = PBXBuildFile; fileRef = 0BF850572948D234004F044D /* EpisodeViewController.swift */; };
		0BF850982949F2B1004F044D /* EpisodeListTableViewCell.swift in Sources */ = {isa = PBXBuildFile; fileRef = 0BF850972949F2B1004F044D /* EpisodeListTableViewCell.swift */; };
		0BF8509B2949F799004F044D /* FeedKit in Frameworks */ = {isa = PBXBuildFile; productRef = 0BF8509A2949F799004F044D /* FeedKit */; };
		0BF850A1294A0B70004F044D /* Episode.swift in Sources */ = {isa = PBXBuildFile; fileRef = 0BF850A0294A0B70004F044D /* Episode.swift */; };
		0BF850A3294A0BAD004F044D /* EpisodeRemoteAPI.swift in Sources */ = {isa = PBXBuildFile; fileRef = 0BF850A2294A0BAD004F044D /* EpisodeRemoteAPI.swift */; };
		0BF850A6294A0C26004F044D /* ItunesEpisodeRemoteAPI.swift in Sources */ = {isa = PBXBuildFile; fileRef = 0BF850A5294A0C26004F044D /* ItunesEpisodeRemoteAPI.swift */; };
		0BF850A9294A206D004F044D /* EpisodeViewModel.swift in Sources */ = {isa = PBXBuildFile; fileRef = 0BF850A8294A206D004F044D /* EpisodeViewModel.swift */; };
		0BF850AC294AFEE2004F044D /* UIString+extensions.swift in Sources */ = {isa = PBXBuildFile; fileRef = 0BF850AB294AFEE2004F044D /* UIString+extensions.swift */; };
		0BF850AF294B0818004F044D /* PlayerView.swift in Sources */ = {isa = PBXBuildFile; fileRef = 0BF850AE294B0818004F044D /* PlayerView.swift */; };
		0BF850B3294B31E7004F044D /* PlayerViewModel.swift in Sources */ = {isa = PBXBuildFile; fileRef = 0BF850B2294B31E7004F044D /* PlayerViewModel.swift */; };
/* End PBXBuildFile section */

/* Begin PBXContainerItemProxy section */
		0BF84FD2294632A8004F044D /* PBXContainerItemProxy */ = {
			isa = PBXContainerItemProxy;
			containerPortal = 0BF84FB3294632A6004F044D /* Project object */;
			proxyType = 1;
			remoteGlobalIDString = 0BF84FBA294632A6004F044D;
			remoteInfo = PodCast;
		};
		0BF84FDC294632A8004F044D /* PBXContainerItemProxy */ = {
			isa = PBXContainerItemProxy;
			containerPortal = 0BF84FB3294632A6004F044D /* Project object */;
			proxyType = 1;
			remoteGlobalIDString = 0BF84FBA294632A6004F044D;
			remoteInfo = PodCast;
		};
/* End PBXContainerItemProxy section */

/* Begin PBXFileReference section */
		0B6F5963294C353200D05C2A /* SoundControlView.swift */ = {isa = PBXFileReference; lastKnownFileType = sourcecode.swift; path = SoundControlView.swift; sourceTree = "<group>"; };
		0B6F5965294C354200D05C2A /* PlayerControlView.swift */ = {isa = PBXFileReference; lastKnownFileType = sourcecode.swift; path = PlayerControlView.swift; sourceTree = "<group>"; };
		0B6F5967294C355300D05C2A /* AudioSliderView.swift */ = {isa = PBXFileReference; lastKnownFileType = sourcecode.swift; path = AudioSliderView.swift; sourceTree = "<group>"; };
		0B6F596C294C672E00D05C2A /* CMTime+Extensions.swift */ = {isa = PBXFileReference; lastKnownFileType = sourcecode.swift; path = "CMTime+Extensions.swift"; sourceTree = "<group>"; };
		0BB7BC68294F12FB006D560E /* AudioSliderViewModel.swift */ = {isa = PBXFileReference; lastKnownFileType = sourcecode.swift; path = AudioSliderViewModel.swift; sourceTree = "<group>"; };
		0BB7BC6A294F1542006D560E /* PlayerControlViewModel.swift */ = {isa = PBXFileReference; lastKnownFileType = sourcecode.swift; path = PlayerControlViewModel.swift; sourceTree = "<group>"; };
		0BB7BC6C294F2548006D560E /* SoundControlViewModel.swift */ = {isa = PBXFileReference; lastKnownFileType = sourcecode.swift; path = SoundControlViewModel.swift; sourceTree = "<group>"; };
		0BF84FBB294632A6004F044D /* PodCast.app */ = {isa = PBXFileReference; explicitFileType = wrapper.application; includeInIndex = 0; path = PodCast.app; sourceTree = BUILT_PRODUCTS_DIR; };
		0BF84FBE294632A6004F044D /* AppDelegate.swift */ = {isa = PBXFileReference; lastKnownFileType = sourcecode.swift; path = AppDelegate.swift; sourceTree = "<group>"; };
		0BF84FC0294632A6004F044D /* SceneDelegate.swift */ = {isa = PBXFileReference; lastKnownFileType = sourcecode.swift; path = SceneDelegate.swift; sourceTree = "<group>"; };
		0BF84FC7294632A7004F044D /* Assets.xcassets */ = {isa = PBXFileReference; lastKnownFileType = folder.assetcatalog; path = Assets.xcassets; sourceTree = "<group>"; };
		0BF84FCA294632A7004F044D /* Base */ = {isa = PBXFileReference; lastKnownFileType = file.storyboard; name = Base; path = Base.lproj/LaunchScreen.storyboard; sourceTree = "<group>"; };
		0BF84FCC294632A7004F044D /* Info.plist */ = {isa = PBXFileReference; lastKnownFileType = text.plist.xml; path = Info.plist; sourceTree = "<group>"; };
		0BF84FD1294632A8004F044D /* PodCastTests.xctest */ = {isa = PBXFileReference; explicitFileType = wrapper.cfbundle; includeInIndex = 0; path = PodCastTests.xctest; sourceTree = BUILT_PRODUCTS_DIR; };
		0BF84FD5294632A8004F044D /* PodCastTests.swift */ = {isa = PBXFileReference; lastKnownFileType = sourcecode.swift; path = PodCastTests.swift; sourceTree = "<group>"; };
		0BF84FDB294632A8004F044D /* PodCastUITests.xctest */ = {isa = PBXFileReference; explicitFileType = wrapper.cfbundle; includeInIndex = 0; path = PodCastUITests.xctest; sourceTree = BUILT_PRODUCTS_DIR; };
		0BF84FDF294632A8004F044D /* PodCastUITests.swift */ = {isa = PBXFileReference; lastKnownFileType = sourcecode.swift; path = PodCastUITests.swift; sourceTree = "<group>"; };
		0BF84FE1294632A8004F044D /* PodCastUITestsLaunchTests.swift */ = {isa = PBXFileReference; lastKnownFileType = sourcecode.swift; path = PodCastUITestsLaunchTests.swift; sourceTree = "<group>"; };
		0BF84FF329463349004F044D /* MainTabBarController.swift */ = {isa = PBXFileReference; lastKnownFileType = sourcecode.swift; path = MainTabBarController.swift; sourceTree = "<group>"; };
		0BF84FF7294634A9004F044D /* FavoriteViewController.swift */ = {isa = PBXFileReference; lastKnownFileType = sourcecode.swift; path = FavoriteViewController.swift; sourceTree = "<group>"; };
		0BF84FFB29463822004F044D /* PodcastSearchViewController.swift */ = {isa = PBXFileReference; lastKnownFileType = sourcecode.swift; path = PodcastSearchViewController.swift; sourceTree = "<group>"; };
		0BF84FFF2946D162004F044D /* Podcast.swift */ = {isa = PBXFileReference; lastKnownFileType = sourcecode.swift; path = Podcast.swift; sourceTree = "<group>"; };
		0BF850022946D7B3004F044D /* NetworkManager.swift */ = {isa = PBXFileReference; lastKnownFileType = sourcecode.swift; path = NetworkManager.swift; sourceTree = "<group>"; };
		0BF850062946D7DC004F044D /* PodCastNetworkManager.swift */ = {isa = PBXFileReference; lastKnownFileType = sourcecode.swift; path = PodCastNetworkManager.swift; sourceTree = "<group>"; };
		0BF850092946D915004F044D /* RemoteAPIError.swift */ = {isa = PBXFileReference; lastKnownFileType = sourcecode.swift; path = RemoteAPIError.swift; sourceTree = "<group>"; };
		0BF8500C2946DA05004F044D /* SearchPodCastRemoteAPI.swift */ = {isa = PBXFileReference; lastKnownFileType = sourcecode.swift; path = SearchPodCastRemoteAPI.swift; sourceTree = "<group>"; };
		0BF8500F2946DA65004F044D /* ItunesPodCastSearchRemoteAPI.swift */ = {isa = PBXFileReference; lastKnownFileType = sourcecode.swift; path = ItunesPodCastSearchRemoteAPI.swift; sourceTree = "<group>"; };
		0BF850442947667E004F044D /* SearchViewModel.swift */ = {isa = PBXFileReference; lastKnownFileType = sourcecode.swift; path = SearchViewModel.swift; sourceTree = "<group>"; };
		0BF85046294835A8004F044D /* SearchResult.swift */ = {isa = PBXFileReference; lastKnownFileType = sourcecode.swift; path = SearchResult.swift; sourceTree = "<group>"; };
		0BF8504A29483C05004F044D /* PodCastDependencyContainer.swift */ = {isa = PBXFileReference; lastKnownFileType = sourcecode.swift; path = PodCastDependencyContainer.swift; sourceTree = "<group>"; };
		0BF8505329487585004F044D /* PodCastListTableViewCell.swift */ = {isa = PBXFileReference; lastKnownFileType = sourcecode.swift; path = PodCastListTableViewCell.swift; sourceTree = "<group>"; };
		0BF850572948D234004F044D /* EpisodeViewController.swift */ = {isa = PBXFileReference; lastKnownFileType = sourcecode.swift; path = EpisodeViewController.swift; sourceTree = "<group>"; };
		0BF850972949F2B1004F044D /* EpisodeListTableViewCell.swift */ = {isa = PBXFileReference; lastKnownFileType = sourcecode.swift; path = EpisodeListTableViewCell.swift; sourceTree = "<group>"; };
		0BF850A0294A0B70004F044D /* Episode.swift */ = {isa = PBXFileReference; lastKnownFileType = sourcecode.swift; path = Episode.swift; sourceTree = "<group>"; };
		0BF850A2294A0BAD004F044D /* EpisodeRemoteAPI.swift */ = {isa = PBXFileReference; lastKnownFileType = sourcecode.swift; path = EpisodeRemoteAPI.swift; sourceTree = "<group>"; };
		0BF850A5294A0C26004F044D /* ItunesEpisodeRemoteAPI.swift */ = {isa = PBXFileReference; lastKnownFileType = sourcecode.swift; path = ItunesEpisodeRemoteAPI.swift; sourceTree = "<group>"; };
		0BF850A8294A206D004F044D /* EpisodeViewModel.swift */ = {isa = PBXFileReference; lastKnownFileType = sourcecode.swift; path = EpisodeViewModel.swift; sourceTree = "<group>"; };
		0BF850AB294AFEE2004F044D /* UIString+extensions.swift */ = {isa = PBXFileReference; lastKnownFileType = sourcecode.swift; path = "UIString+extensions.swift"; sourceTree = "<group>"; };
		0BF850AE294B0818004F044D /* PlayerView.swift */ = {isa = PBXFileReference; lastKnownFileType = sourcecode.swift; path = PlayerView.swift; sourceTree = "<group>"; };
		0BF850B2294B31E7004F044D /* PlayerViewModel.swift */ = {isa = PBXFileReference; lastKnownFileType = sourcecode.swift; path = PlayerViewModel.swift; sourceTree = "<group>"; };
/* End PBXFileReference section */

/* Begin PBXFrameworksBuildPhase section */
		0BF84FB8294632A6004F044D /* Frameworks */ = {
			isa = PBXFrameworksBuildPhase;
			buildActionMask = 2147483647;
			files = (
				0BF8505129484041004F044D /* SDWebImage in Frameworks */,
				0B6F596B294C5CF200D05C2A /* SnapKit in Frameworks */,
				0BF8509B2949F799004F044D /* FeedKit in Frameworks */,
			);
			runOnlyForDeploymentPostprocessing = 0;
		};
		0BF84FCE294632A8004F044D /* Frameworks */ = {
			isa = PBXFrameworksBuildPhase;
			buildActionMask = 2147483647;
			files = (
			);
			runOnlyForDeploymentPostprocessing = 0;
		};
		0BF84FD8294632A8004F044D /* Frameworks */ = {
			isa = PBXFrameworksBuildPhase;
			buildActionMask = 2147483647;
			files = (
			);
			runOnlyForDeploymentPostprocessing = 0;
		};
/* End PBXFrameworksBuildPhase section */

/* Begin PBXGroup section */
		0BF84FB2294632A6004F044D = {
			isa = PBXGroup;
			children = (
				0BF84FBD294632A6004F044D /* PodCast */,
				0BF84FD4294632A8004F044D /* PodCastTests */,
				0BF84FDE294632A8004F044D /* PodCastUITests */,
				0BF84FBC294632A6004F044D /* Products */,
			);
			sourceTree = "<group>";
		};
		0BF84FBC294632A6004F044D /* Products */ = {
			isa = PBXGroup;
			children = (
				0BF84FBB294632A6004F044D /* PodCast.app */,
				0BF84FD1294632A8004F044D /* PodCastTests.xctest */,
				0BF84FDB294632A8004F044D /* PodCastUITests.xctest */,
			);
			name = Products;
			sourceTree = "<group>";
		};
		0BF84FBD294632A6004F044D /* PodCast */ = {
			isa = PBXGroup;
			children = (
				0BF8504929483BEE004F044D /* UILayer */,
				0BF850012946D7A6004F044D /* Utilities */,
				0BF84FF1294632F2004F044D /* Resources */,
				0BF84FF0294632DE004F044D /* DataLayer */,
				0BF84FEF294632D9004F044D /* Modules */,
				0BF84FEE294632D4004F044D /* Applications */,
			);
			path = PodCast;
			sourceTree = "<group>";
		};
		0BF84FD4294632A8004F044D /* PodCastTests */ = {
			isa = PBXGroup;
			children = (
				0BF84FD5294632A8004F044D /* PodCastTests.swift */,
			);
			path = PodCastTests;
			sourceTree = "<group>";
		};
		0BF84FDE294632A8004F044D /* PodCastUITests */ = {
			isa = PBXGroup;
			children = (
				0BF84FDF294632A8004F044D /* PodCastUITests.swift */,
				0BF84FE1294632A8004F044D /* PodCastUITestsLaunchTests.swift */,
			);
			path = PodCastUITests;
			sourceTree = "<group>";
		};
		0BF84FEE294632D4004F044D /* Applications */ = {
			isa = PBXGroup;
			children = (
				0BF84FC0294632A6004F044D /* SceneDelegate.swift */,
				0BF84FBE294632A6004F044D /* AppDelegate.swift */,
			);
			path = Applications;
			sourceTree = "<group>";
		};
		0BF84FEF294632D9004F044D /* Modules */ = {
			isa = PBXGroup;
			children = (
				0BF850AD294B080D004F044D /* Player */,
				0BF850552948D214004F044D /* Episode */,
				0BF84FF929463817004F044D /* Search */,
				0BF84FF529463499004F044D /* Favorites */,
				0BF84FF229463336004F044D /* MainTabBar */,
			);
			path = Modules;
			sourceTree = "<group>";
		};
		0BF84FF0294632DE004F044D /* DataLayer */ = {
			isa = PBXGroup;
			children = (
				0BF8509F294A0B1E004F044D /* Episode */,
				0BF8500B2946D9EA004F044D /* Search */,
				0BF850082946D903004F044D /* Enums */,
				0BF84FFE2946D14E004F044D /* Models */,
			);
			path = DataLayer;
			sourceTree = "<group>";
		};
		0BF84FF1294632F2004F044D /* Resources */ = {
			isa = PBXGroup;
			children = (
				0BF84FCC294632A7004F044D /* Info.plist */,
				0BF84FC9294632A7004F044D /* LaunchScreen.storyboard */,
				0BF84FC7294632A7004F044D /* Assets.xcassets */,
			);
			path = Resources;
			sourceTree = "<group>";
		};
		0BF84FF229463336004F044D /* MainTabBar */ = {
			isa = PBXGroup;
			children = (
				0BF84FF329463349004F044D /* MainTabBarController.swift */,
			);
			path = MainTabBar;
			sourceTree = "<group>";
		};
		0BF84FF529463499004F044D /* Favorites */ = {
			isa = PBXGroup;
			children = (
				0BF84FF62946349E004F044D /* Controller */,
			);
			path = Favorites;
			sourceTree = "<group>";
		};
		0BF84FF62946349E004F044D /* Controller */ = {
			isa = PBXGroup;
			children = (
				0BF84FF7294634A9004F044D /* FavoriteViewController.swift */,
			);
			path = Controller;
			sourceTree = "<group>";
		};
		0BF84FF929463817004F044D /* Search */ = {
			isa = PBXGroup;
			children = (
				0BF8504329476672004F044D /* ViewModel */,
				0BF84FFD2946D131004F044D /* Views */,
				0BF84FFA2946381A004F044D /* Controller */,
			);
			path = Search;
			sourceTree = "<group>";
		};
		0BF84FFA2946381A004F044D /* Controller */ = {
			isa = PBXGroup;
			children = (
				0BF84FFB29463822004F044D /* PodcastSearchViewController.swift */,
			);
			path = Controller;
			sourceTree = "<group>";
		};
		0BF84FFD2946D131004F044D /* Views */ = {
			isa = PBXGroup;
			children = (
				0BF8505229487566004F044D /* Cells */,
			);
			path = Views;
			sourceTree = "<group>";
		};
		0BF84FFE2946D14E004F044D /* Models */ = {
			isa = PBXGroup;
			children = (
				0BF84FFF2946D162004F044D /* Podcast.swift */,
				0BF85046294835A8004F044D /* SearchResult.swift */,
				0BF850A0294A0B70004F044D /* Episode.swift */,
			);
			path = Models;
			sourceTree = "<group>";
		};
		0BF850012946D7A6004F044D /* Utilities */ = {
			isa = PBXGroup;
			children = (
				0BF850AA294AFED4004F044D /* Extensions */,
				0BF850042946D7BE004F044D /* NetworkManager */,
			);
			path = Utilities;
			sourceTree = "<group>";
		};
		0BF850042946D7BE004F044D /* NetworkManager */ = {
			isa = PBXGroup;
			children = (
				0BF850052946D7CD004F044D /* Implementations */,
				0BF850022946D7B3004F044D /* NetworkManager.swift */,
			);
			path = NetworkManager;
			sourceTree = "<group>";
		};
		0BF850052946D7CD004F044D /* Implementations */ = {
			isa = PBXGroup;
			children = (
				0BF850062946D7DC004F044D /* PodCastNetworkManager.swift */,
			);
			path = Implementations;
			sourceTree = "<group>";
		};
		0BF850082946D903004F044D /* Enums */ = {
			isa = PBXGroup;
			children = (
				0BF850092946D915004F044D /* RemoteAPIError.swift */,
			);
			path = Enums;
			sourceTree = "<group>";
		};
		0BF8500B2946D9EA004F044D /* Search */ = {
			isa = PBXGroup;
			children = (
				0BF8500E2946DA08004F044D /* Implementation */,
				0BF8500C2946DA05004F044D /* SearchPodCastRemoteAPI.swift */,
			);
			path = Search;
			sourceTree = "<group>";
		};
		0BF8500E2946DA08004F044D /* Implementation */ = {
			isa = PBXGroup;
			children = (
				0BF8500F2946DA65004F044D /* ItunesPodCastSearchRemoteAPI.swift */,
			);
			path = Implementation;
			sourceTree = "<group>";
		};
		0BF8504329476672004F044D /* ViewModel */ = {
			isa = PBXGroup;
			children = (
				0BF850442947667E004F044D /* SearchViewModel.swift */,
			);
			path = ViewModel;
			sourceTree = "<group>";
		};
		0BF8504929483BEE004F044D /* UILayer */ = {
			isa = PBXGroup;
			children = (
				0BF8504A29483C05004F044D /* PodCastDependencyContainer.swift */,
			);
			path = UILayer;
			sourceTree = "<group>";
		};
		0BF8505229487566004F044D /* Cells */ = {
			isa = PBXGroup;
			children = (
				0BF8505329487585004F044D /* PodCastListTableViewCell.swift */,
			);
			path = Cells;
			sourceTree = "<group>";
		};
		0BF850552948D214004F044D /* Episode */ = {
			isa = PBXGroup;
			children = (
				0BF850952949F29A004F044D /* Views */,
				0BF850A7294A205E004F044D /* ViewModel */,
				0BF850562948D21B004F044D /* Controller */,
			);
			path = Episode;
			sourceTree = "<group>";
		};
		0BF850562948D21B004F044D /* Controller */ = {
			isa = PBXGroup;
			children = (
				0BF850572948D234004F044D /* EpisodeViewController.swift */,
			);
			path = Controller;
			sourceTree = "<group>";
		};
		0BF850952949F29A004F044D /* Views */ = {
			isa = PBXGroup;
			children = (
				0BF850962949F29D004F044D /* Cells */,
			);
			path = Views;
			sourceTree = "<group>";
		};
		0BF850962949F29D004F044D /* Cells */ = {
			isa = PBXGroup;
			children = (
				0BF850972949F2B1004F044D /* EpisodeListTableViewCell.swift */,
			);
			path = Cells;
			sourceTree = "<group>";
		};
		0BF8509F294A0B1E004F044D /* Episode */ = {
			isa = PBXGroup;
			children = (
				0BF850A4294A0BFB004F044D /* Implementation */,
				0BF850A2294A0BAD004F044D /* EpisodeRemoteAPI.swift */,
			);
			path = Episode;
			sourceTree = "<group>";
		};
		0BF850A4294A0BFB004F044D /* Implementation */ = {
			isa = PBXGroup;
			children = (
				0BF850A5294A0C26004F044D /* ItunesEpisodeRemoteAPI.swift */,
			);
			path = Implementation;
			sourceTree = "<group>";
		};
		0BF850A7294A205E004F044D /* ViewModel */ = {
			isa = PBXGroup;
			children = (
				0BF850A8294A206D004F044D /* EpisodeViewModel.swift */,
			);
			path = ViewModel;
			sourceTree = "<group>";
		};
		0BF850AA294AFED4004F044D /* Extensions */ = {
			isa = PBXGroup;
			children = (
				0BF850AB294AFEE2004F044D /* UIString+extensions.swift */,
				0B6F596C294C672E00D05C2A /* CMTime+Extensions.swift */,
			);
			path = Extensions;
			sourceTree = "<group>";
		};
		0BF850AD294B080D004F044D /* Player */ = {
			isa = PBXGroup;
			children = (
				0BF850B1294B31DD004F044D /* ViewModel */,
				0BF850B0294B2A3F004F044D /* Views */,
				0BF850AE294B0818004F044D /* PlayerView.swift */,
			);
			path = Player;
			sourceTree = "<group>";
		};
		0BF850B0294B2A3F004F044D /* Views */ = {
			isa = PBXGroup;
			children = (
				0B6F5963294C353200D05C2A /* SoundControlView.swift */,
				0B6F5965294C354200D05C2A /* PlayerControlView.swift */,
				0B6F5967294C355300D05C2A /* AudioSliderView.swift */,
			);
			path = Views;
			sourceTree = "<group>";
		};
		0BF850B1294B31DD004F044D /* ViewModel */ = {
			isa = PBXGroup;
			children = (
				0BF850B2294B31E7004F044D /* PlayerViewModel.swift */,
				0BB7BC68294F12FB006D560E /* AudioSliderViewModel.swift */,
				0BB7BC6A294F1542006D560E /* PlayerControlViewModel.swift */,
				0BB7BC6C294F2548006D560E /* SoundControlViewModel.swift */,
			);
			path = ViewModel;
			sourceTree = "<group>";
		};
/* End PBXGroup section */

/* Begin PBXNativeTarget section */
		0BF84FBA294632A6004F044D /* PodCast */ = {
			isa = PBXNativeTarget;
			buildConfigurationList = 0BF84FE5294632A8004F044D /* Build configuration list for PBXNativeTarget "PodCast" */;
			buildPhases = (
				0BF84FB7294632A6004F044D /* Sources */,
				0BF84FB8294632A6004F044D /* Frameworks */,
				0BF84FB9294632A6004F044D /* Resources */,
			);
			buildRules = (
			);
			dependencies = (
			);
			name = PodCast;
			packageProductDependencies = (
				0BF8505029484041004F044D /* SDWebImage */,
				0BF8509A2949F799004F044D /* FeedKit */,
				0B6F596A294C5CF200D05C2A /* SnapKit */,
			);
			productName = PodCast;
			productReference = 0BF84FBB294632A6004F044D /* PodCast.app */;
			productType = "com.apple.product-type.application";
		};
		0BF84FD0294632A8004F044D /* PodCastTests */ = {
			isa = PBXNativeTarget;
			buildConfigurationList = 0BF84FE8294632A8004F044D /* Build configuration list for PBXNativeTarget "PodCastTests" */;
			buildPhases = (
				0BF84FCD294632A8004F044D /* Sources */,
				0BF84FCE294632A8004F044D /* Frameworks */,
				0BF84FCF294632A8004F044D /* Resources */,
			);
			buildRules = (
			);
			dependencies = (
				0BF84FD3294632A8004F044D /* PBXTargetDependency */,
			);
			name = PodCastTests;
			productName = PodCastTests;
			productReference = 0BF84FD1294632A8004F044D /* PodCastTests.xctest */;
			productType = "com.apple.product-type.bundle.unit-test";
		};
		0BF84FDA294632A8004F044D /* PodCastUITests */ = {
			isa = PBXNativeTarget;
			buildConfigurationList = 0BF84FEB294632A8004F044D /* Build configuration list for PBXNativeTarget "PodCastUITests" */;
			buildPhases = (
				0BF84FD7294632A8004F044D /* Sources */,
				0BF84FD8294632A8004F044D /* Frameworks */,
				0BF84FD9294632A8004F044D /* Resources */,
			);
			buildRules = (
			);
			dependencies = (
				0BF84FDD294632A8004F044D /* PBXTargetDependency */,
			);
			name = PodCastUITests;
			productName = PodCastUITests;
			productReference = 0BF84FDB294632A8004F044D /* PodCastUITests.xctest */;
			productType = "com.apple.product-type.bundle.ui-testing";
		};
/* End PBXNativeTarget section */

/* Begin PBXProject section */
		0BF84FB3294632A6004F044D /* Project object */ = {
			isa = PBXProject;
			attributes = {
				BuildIndependentTargetsInParallel = 1;
				LastSwiftUpdateCheck = 1410;
				LastUpgradeCheck = 1410;
				TargetAttributes = {
					0BF84FBA294632A6004F044D = {
						CreatedOnToolsVersion = 14.1;
					};
					0BF84FD0294632A8004F044D = {
						CreatedOnToolsVersion = 14.1;
						TestTargetID = 0BF84FBA294632A6004F044D;
					};
					0BF84FDA294632A8004F044D = {
						CreatedOnToolsVersion = 14.1;
						TestTargetID = 0BF84FBA294632A6004F044D;
					};
				};
			};
			buildConfigurationList = 0BF84FB6294632A6004F044D /* Build configuration list for PBXProject "PodCast" */;
			compatibilityVersion = "Xcode 11.0";
			developmentRegion = en;
			hasScannedForEncodings = 0;
			knownRegions = (
				en,
				Base,
			);
			mainGroup = 0BF84FB2294632A6004F044D;
			packageReferences = (
				0BF8504F29484041004F044D /* XCRemoteSwiftPackageReference "SDWebImage" */,
				0BF850992949F799004F044D /* XCRemoteSwiftPackageReference "FeedKit" */,
				0B6F5969294C5CF200D05C2A /* XCRemoteSwiftPackageReference "SnapKit" */,
			);
			productRefGroup = 0BF84FBC294632A6004F044D /* Products */;
			projectDirPath = "";
			projectRoot = "";
			targets = (
				0BF84FBA294632A6004F044D /* PodCast */,
				0BF84FD0294632A8004F044D /* PodCastTests */,
				0BF84FDA294632A8004F044D /* PodCastUITests */,
			);
		};
/* End PBXProject section */

/* Begin PBXResourcesBuildPhase section */
		0BF84FB9294632A6004F044D /* Resources */ = {
			isa = PBXResourcesBuildPhase;
			buildActionMask = 2147483647;
			files = (
				0BF84FCB294632A7004F044D /* LaunchScreen.storyboard in Resources */,
				0BF84FC8294632A7004F044D /* Assets.xcassets in Resources */,
			);
			runOnlyForDeploymentPostprocessing = 0;
		};
		0BF84FCF294632A8004F044D /* Resources */ = {
			isa = PBXResourcesBuildPhase;
			buildActionMask = 2147483647;
			files = (
			);
			runOnlyForDeploymentPostprocessing = 0;
		};
		0BF84FD9294632A8004F044D /* Resources */ = {
			isa = PBXResourcesBuildPhase;
			buildActionMask = 2147483647;
			files = (
			);
			runOnlyForDeploymentPostprocessing = 0;
		};
/* End PBXResourcesBuildPhase section */

/* Begin PBXSourcesBuildPhase section */
		0BF84FB7294632A6004F044D /* Sources */ = {
			isa = PBXSourcesBuildPhase;
			buildActionMask = 2147483647;
			files = (
				0BF8500A2946D915004F044D /* RemoteAPIError.swift in Sources */,
				0B6F5964294C353200D05C2A /* SoundControlView.swift in Sources */,
				0BF84FFC29463822004F044D /* PodcastSearchViewController.swift in Sources */,
				0BF850072946D7DC004F044D /* PodCastNetworkManager.swift in Sources */,
				0BF850A3294A0BAD004F044D /* EpisodeRemoteAPI.swift in Sources */,
				0BF84FBF294632A6004F044D /* AppDelegate.swift in Sources */,
				0BF8505429487585004F044D /* PodCastListTableViewCell.swift in Sources */,
				0BB7BC6B294F1542006D560E /* PlayerControlViewModel.swift in Sources */,
				0BF8504B29483C05004F044D /* PodCastDependencyContainer.swift in Sources */,
				0BB7BC6D294F2548006D560E /* SoundControlViewModel.swift in Sources */,
				0B6F596D294C672E00D05C2A /* CMTime+Extensions.swift in Sources */,
				0BF850002946D162004F044D /* Podcast.swift in Sources */,
				0BF850AC294AFEE2004F044D /* UIString+extensions.swift in Sources */,
				0BF850B3294B31E7004F044D /* PlayerViewModel.swift in Sources */,
				0B6F5968294C355300D05C2A /* AudioSliderView.swift in Sources */,
				0BF850A1294A0B70004F044D /* Episode.swift in Sources */,
				0BF850982949F2B1004F044D /* EpisodeListTableViewCell.swift in Sources */,
				0BF850032946D7B3004F044D /* NetworkManager.swift in Sources */,
				0BF850452947667E004F044D /* SearchViewModel.swift in Sources */,
				0BF85047294835A8004F044D /* SearchResult.swift in Sources */,
				0BF84FC1294632A6004F044D /* SceneDelegate.swift in Sources */,
				0BF84FF8294634A9004F044D /* FavoriteViewController.swift in Sources */,
				0BF850102946DA65004F044D /* ItunesPodCastSearchRemoteAPI.swift in Sources */,
				0BF850A9294A206D004F044D /* EpisodeViewModel.swift in Sources */,
				0BF8500D2946DA05004F044D /* SearchPodCastRemoteAPI.swift in Sources */,
				0BF850AF294B0818004F044D /* PlayerView.swift in Sources */,
				0BB7BC69294F12FB006D560E /* AudioSliderViewModel.swift in Sources */,
				0BF850582948D234004F044D /* EpisodeViewController.swift in Sources */,
				0BF850A6294A0C26004F044D /* ItunesEpisodeRemoteAPI.swift in Sources */,
				0B6F5966294C354200D05C2A /* PlayerControlView.swift in Sources */,
				0BF84FF429463349004F044D /* MainTabBarController.swift in Sources */,
			);
			runOnlyForDeploymentPostprocessing = 0;
		};
		0BF84FCD294632A8004F044D /* Sources */ = {
			isa = PBXSourcesBuildPhase;
			buildActionMask = 2147483647;
			files = (
				0BF84FD6294632A8004F044D /* PodCastTests.swift in Sources */,
			);
			runOnlyForDeploymentPostprocessing = 0;
		};
		0BF84FD7294632A8004F044D /* Sources */ = {
			isa = PBXSourcesBuildPhase;
			buildActionMask = 2147483647;
			files = (
				0BF84FE0294632A8004F044D /* PodCastUITests.swift in Sources */,
				0BF84FE2294632A8004F044D /* PodCastUITestsLaunchTests.swift in Sources */,
			);
			runOnlyForDeploymentPostprocessing = 0;
		};
/* End PBXSourcesBuildPhase section */

/* Begin PBXTargetDependency section */
		0BF84FD3294632A8004F044D /* PBXTargetDependency */ = {
			isa = PBXTargetDependency;
			target = 0BF84FBA294632A6004F044D /* PodCast */;
			targetProxy = 0BF84FD2294632A8004F044D /* PBXContainerItemProxy */;
		};
		0BF84FDD294632A8004F044D /* PBXTargetDependency */ = {
			isa = PBXTargetDependency;
			target = 0BF84FBA294632A6004F044D /* PodCast */;
			targetProxy = 0BF84FDC294632A8004F044D /* PBXContainerItemProxy */;
		};
/* End PBXTargetDependency section */

/* Begin PBXVariantGroup section */
		0BF84FC9294632A7004F044D /* LaunchScreen.storyboard */ = {
			isa = PBXVariantGroup;
			children = (
				0BF84FCA294632A7004F044D /* Base */,
			);
			name = LaunchScreen.storyboard;
			sourceTree = "<group>";
		};
/* End PBXVariantGroup section */

/* Begin XCBuildConfiguration section */
		0BF84FE3294632A8004F044D /* Debug */ = {
			isa = XCBuildConfiguration;
			buildSettings = {
				ALWAYS_SEARCH_USER_PATHS = NO;
				CLANG_ANALYZER_NONNULL = YES;
				CLANG_ANALYZER_NUMBER_OBJECT_CONVERSION = YES_AGGRESSIVE;
				CLANG_CXX_LANGUAGE_STANDARD = "gnu++20";
				CLANG_ENABLE_MODULES = YES;
				CLANG_ENABLE_OBJC_ARC = YES;
				CLANG_ENABLE_OBJC_WEAK = YES;
				CLANG_WARN_BLOCK_CAPTURE_AUTORELEASING = YES;
				CLANG_WARN_BOOL_CONVERSION = YES;
				CLANG_WARN_COMMA = YES;
				CLANG_WARN_CONSTANT_CONVERSION = YES;
				CLANG_WARN_DEPRECATED_OBJC_IMPLEMENTATIONS = YES;
				CLANG_WARN_DIRECT_OBJC_ISA_USAGE = YES_ERROR;
				CLANG_WARN_DOCUMENTATION_COMMENTS = YES;
				CLANG_WARN_EMPTY_BODY = YES;
				CLANG_WARN_ENUM_CONVERSION = YES;
				CLANG_WARN_INFINITE_RECURSION = YES;
				CLANG_WARN_INT_CONVERSION = YES;
				CLANG_WARN_NON_LITERAL_NULL_CONVERSION = YES;
				CLANG_WARN_OBJC_IMPLICIT_RETAIN_SELF = YES;
				CLANG_WARN_OBJC_LITERAL_CONVERSION = YES;
				CLANG_WARN_OBJC_ROOT_CLASS = YES_ERROR;
				CLANG_WARN_QUOTED_INCLUDE_IN_FRAMEWORK_HEADER = YES;
				CLANG_WARN_RANGE_LOOP_ANALYSIS = YES;
				CLANG_WARN_STRICT_PROTOTYPES = YES;
				CLANG_WARN_SUSPICIOUS_MOVE = YES;
				CLANG_WARN_UNGUARDED_AVAILABILITY = YES_AGGRESSIVE;
				CLANG_WARN_UNREACHABLE_CODE = YES;
				CLANG_WARN__DUPLICATE_METHOD_MATCH = YES;
				COPY_PHASE_STRIP = NO;
				DEBUG_INFORMATION_FORMAT = dwarf;
				ENABLE_STRICT_OBJC_MSGSEND = YES;
				ENABLE_TESTABILITY = YES;
				GCC_C_LANGUAGE_STANDARD = gnu11;
				GCC_DYNAMIC_NO_PIC = NO;
				GCC_NO_COMMON_BLOCKS = YES;
				GCC_OPTIMIZATION_LEVEL = 0;
				GCC_PREPROCESSOR_DEFINITIONS = (
					"DEBUG=1",
					"$(inherited)",
				);
				GCC_WARN_64_TO_32_BIT_CONVERSION = YES;
				GCC_WARN_ABOUT_RETURN_TYPE = YES_ERROR;
				GCC_WARN_UNDECLARED_SELECTOR = YES;
				GCC_WARN_UNINITIALIZED_AUTOS = YES_AGGRESSIVE;
				GCC_WARN_UNUSED_FUNCTION = YES;
				GCC_WARN_UNUSED_VARIABLE = YES;
				IPHONEOS_DEPLOYMENT_TARGET = 16.1;
				MTL_ENABLE_DEBUG_INFO = INCLUDE_SOURCE;
				MTL_FAST_MATH = YES;
				ONLY_ACTIVE_ARCH = YES;
				SDKROOT = iphoneos;
				SWIFT_ACTIVE_COMPILATION_CONDITIONS = DEBUG;
				SWIFT_OPTIMIZATION_LEVEL = "-Onone";
			};
			name = Debug;
		};
		0BF84FE4294632A8004F044D /* Release */ = {
			isa = XCBuildConfiguration;
			buildSettings = {
				ALWAYS_SEARCH_USER_PATHS = NO;
				CLANG_ANALYZER_NONNULL = YES;
				CLANG_ANALYZER_NUMBER_OBJECT_CONVERSION = YES_AGGRESSIVE;
				CLANG_CXX_LANGUAGE_STANDARD = "gnu++20";
				CLANG_ENABLE_MODULES = YES;
				CLANG_ENABLE_OBJC_ARC = YES;
				CLANG_ENABLE_OBJC_WEAK = YES;
				CLANG_WARN_BLOCK_CAPTURE_AUTORELEASING = YES;
				CLANG_WARN_BOOL_CONVERSION = YES;
				CLANG_WARN_COMMA = YES;
				CLANG_WARN_CONSTANT_CONVERSION = YES;
				CLANG_WARN_DEPRECATED_OBJC_IMPLEMENTATIONS = YES;
				CLANG_WARN_DIRECT_OBJC_ISA_USAGE = YES_ERROR;
				CLANG_WARN_DOCUMENTATION_COMMENTS = YES;
				CLANG_WARN_EMPTY_BODY = YES;
				CLANG_WARN_ENUM_CONVERSION = YES;
				CLANG_WARN_INFINITE_RECURSION = YES;
				CLANG_WARN_INT_CONVERSION = YES;
				CLANG_WARN_NON_LITERAL_NULL_CONVERSION = YES;
				CLANG_WARN_OBJC_IMPLICIT_RETAIN_SELF = YES;
				CLANG_WARN_OBJC_LITERAL_CONVERSION = YES;
				CLANG_WARN_OBJC_ROOT_CLASS = YES_ERROR;
				CLANG_WARN_QUOTED_INCLUDE_IN_FRAMEWORK_HEADER = YES;
				CLANG_WARN_RANGE_LOOP_ANALYSIS = YES;
				CLANG_WARN_STRICT_PROTOTYPES = YES;
				CLANG_WARN_SUSPICIOUS_MOVE = YES;
				CLANG_WARN_UNGUARDED_AVAILABILITY = YES_AGGRESSIVE;
				CLANG_WARN_UNREACHABLE_CODE = YES;
				CLANG_WARN__DUPLICATE_METHOD_MATCH = YES;
				COPY_PHASE_STRIP = NO;
				DEBUG_INFORMATION_FORMAT = "dwarf-with-dsym";
				ENABLE_NS_ASSERTIONS = NO;
				ENABLE_STRICT_OBJC_MSGSEND = YES;
				GCC_C_LANGUAGE_STANDARD = gnu11;
				GCC_NO_COMMON_BLOCKS = YES;
				GCC_WARN_64_TO_32_BIT_CONVERSION = YES;
				GCC_WARN_ABOUT_RETURN_TYPE = YES_ERROR;
				GCC_WARN_UNDECLARED_SELECTOR = YES;
				GCC_WARN_UNINITIALIZED_AUTOS = YES_AGGRESSIVE;
				GCC_WARN_UNUSED_FUNCTION = YES;
				GCC_WARN_UNUSED_VARIABLE = YES;
				IPHONEOS_DEPLOYMENT_TARGET = 16.1;
				MTL_ENABLE_DEBUG_INFO = NO;
				MTL_FAST_MATH = YES;
				SDKROOT = iphoneos;
				SWIFT_COMPILATION_MODE = wholemodule;
				SWIFT_OPTIMIZATION_LEVEL = "-O";
				VALIDATE_PRODUCT = YES;
			};
			name = Release;
		};
		0BF84FE6294632A8004F044D /* Debug */ = {
			isa = XCBuildConfiguration;
			buildSettings = {
				ASSETCATALOG_COMPILER_APPICON_NAME = AppIcon;
				ASSETCATALOG_COMPILER_GLOBAL_ACCENT_COLOR_NAME = AccentColor;
				CODE_SIGN_STYLE = Automatic;
				CURRENT_PROJECT_VERSION = 1;
				DEVELOPMENT_TEAM = N9YVL7C33K;
				GENERATE_INFOPLIST_FILE = YES;
				INFOPLIST_FILE = PodCast/Resources/Info.plist;
				INFOPLIST_KEY_UIApplicationSupportsIndirectInputEvents = YES;
				INFOPLIST_KEY_UILaunchStoryboardName = LaunchScreen;
				INFOPLIST_KEY_UISupportedInterfaceOrientations = UIInterfaceOrientationPortrait;
				LD_RUNPATH_SEARCH_PATHS = (
					"$(inherited)",
					"@executable_path/Frameworks",
				);
				MARKETING_VERSION = 1.0;
				PRODUCT_BUNDLE_IDENTIFIER = com.ashish.PodCast;
				PRODUCT_NAME = "$(TARGET_NAME)";
				SWIFT_EMIT_LOC_STRINGS = YES;
				SWIFT_VERSION = 5.0;
				TARGETED_DEVICE_FAMILY = "1,2";
			};
			name = Debug;
		};
		0BF84FE7294632A8004F044D /* Release */ = {
			isa = XCBuildConfiguration;
			buildSettings = {
				ASSETCATALOG_COMPILER_APPICON_NAME = AppIcon;
				ASSETCATALOG_COMPILER_GLOBAL_ACCENT_COLOR_NAME = AccentColor;
				CODE_SIGN_STYLE = Automatic;
				CURRENT_PROJECT_VERSION = 1;
				DEVELOPMENT_TEAM = N9YVL7C33K;
				GENERATE_INFOPLIST_FILE = YES;
				INFOPLIST_FILE = PodCast/Resources/Info.plist;
				INFOPLIST_KEY_UIApplicationSupportsIndirectInputEvents = YES;
				INFOPLIST_KEY_UILaunchStoryboardName = LaunchScreen;
				INFOPLIST_KEY_UISupportedInterfaceOrientations = UIInterfaceOrientationPortrait;
				LD_RUNPATH_SEARCH_PATHS = (
					"$(inherited)",
					"@executable_path/Frameworks",
				);
				MARKETING_VERSION = 1.0;
				PRODUCT_BUNDLE_IDENTIFIER = com.ashish.PodCast;
				PRODUCT_NAME = "$(TARGET_NAME)";
				SWIFT_EMIT_LOC_STRINGS = YES;
				SWIFT_VERSION = 5.0;
				TARGETED_DEVICE_FAMILY = "1,2";
			};
			name = Release;
		};
		0BF84FE9294632A8004F044D /* Debug */ = {
			isa = XCBuildConfiguration;
			buildSettings = {
				ALWAYS_EMBED_SWIFT_STANDARD_LIBRARIES = YES;
				BUNDLE_LOADER = "$(TEST_HOST)";
				CODE_SIGN_STYLE = Automatic;
				CURRENT_PROJECT_VERSION = 1;
				DEVELOPMENT_TEAM = N9YVL7C33K;
				GENERATE_INFOPLIST_FILE = YES;
				IPHONEOS_DEPLOYMENT_TARGET = 16.1;
				MARKETING_VERSION = 1.0;
				PRODUCT_BUNDLE_IDENTIFIER = com.ashish.PodCastTests;
				PRODUCT_NAME = "$(TARGET_NAME)";
				SWIFT_EMIT_LOC_STRINGS = NO;
				SWIFT_VERSION = 5.0;
				TARGETED_DEVICE_FAMILY = "1,2";
				TEST_HOST = "$(BUILT_PRODUCTS_DIR)/PodCast.app/$(BUNDLE_EXECUTABLE_FOLDER_PATH)/PodCast";
			};
			name = Debug;
		};
		0BF84FEA294632A8004F044D /* Release */ = {
			isa = XCBuildConfiguration;
			buildSettings = {
				ALWAYS_EMBED_SWIFT_STANDARD_LIBRARIES = YES;
				BUNDLE_LOADER = "$(TEST_HOST)";
				CODE_SIGN_STYLE = Automatic;
				CURRENT_PROJECT_VERSION = 1;
				DEVELOPMENT_TEAM = N9YVL7C33K;
				GENERATE_INFOPLIST_FILE = YES;
				IPHONEOS_DEPLOYMENT_TARGET = 16.1;
				MARKETING_VERSION = 1.0;
				PRODUCT_BUNDLE_IDENTIFIER = com.ashish.PodCastTests;
				PRODUCT_NAME = "$(TARGET_NAME)";
				SWIFT_EMIT_LOC_STRINGS = NO;
				SWIFT_VERSION = 5.0;
				TARGETED_DEVICE_FAMILY = "1,2";
				TEST_HOST = "$(BUILT_PRODUCTS_DIR)/PodCast.app/$(BUNDLE_EXECUTABLE_FOLDER_PATH)/PodCast";
			};
			name = Release;
		};
		0BF84FEC294632A8004F044D /* Debug */ = {
			isa = XCBuildConfiguration;
			buildSettings = {
				ALWAYS_EMBED_SWIFT_STANDARD_LIBRARIES = YES;
				CODE_SIGN_STYLE = Automatic;
				CURRENT_PROJECT_VERSION = 1;
				DEVELOPMENT_TEAM = N9YVL7C33K;
				GENERATE_INFOPLIST_FILE = YES;
				MARKETING_VERSION = 1.0;
				PRODUCT_BUNDLE_IDENTIFIER = com.ashish.PodCastUITests;
				PRODUCT_NAME = "$(TARGET_NAME)";
				SWIFT_EMIT_LOC_STRINGS = NO;
				SWIFT_VERSION = 5.0;
				TARGETED_DEVICE_FAMILY = "1,2";
				TEST_TARGET_NAME = PodCast;
			};
			name = Debug;
		};
		0BF84FED294632A8004F044D /* Release */ = {
			isa = XCBuildConfiguration;
			buildSettings = {
				ALWAYS_EMBED_SWIFT_STANDARD_LIBRARIES = YES;
				CODE_SIGN_STYLE = Automatic;
				CURRENT_PROJECT_VERSION = 1;
				DEVELOPMENT_TEAM = N9YVL7C33K;
				GENERATE_INFOPLIST_FILE = YES;
				MARKETING_VERSION = 1.0;
				PRODUCT_BUNDLE_IDENTIFIER = com.ashish.PodCastUITests;
				PRODUCT_NAME = "$(TARGET_NAME)";
				SWIFT_EMIT_LOC_STRINGS = NO;
				SWIFT_VERSION = 5.0;
				TARGETED_DEVICE_FAMILY = "1,2";
				TEST_TARGET_NAME = PodCast;
			};
			name = Release;
		};
/* End XCBuildConfiguration section */

/* Begin XCConfigurationList section */
		0BF84FB6294632A6004F044D /* Build configuration list for PBXProject "PodCast" */ = {
			isa = XCConfigurationList;
			buildConfigurations = (
				0BF84FE3294632A8004F044D /* Debug */,
				0BF84FE4294632A8004F044D /* Release */,
			);
			defaultConfigurationIsVisible = 0;
			defaultConfigurationName = Release;
		};
		0BF84FE5294632A8004F044D /* Build configuration list for PBXNativeTarget "PodCast" */ = {
			isa = XCConfigurationList;
			buildConfigurations = (
				0BF84FE6294632A8004F044D /* Debug */,
				0BF84FE7294632A8004F044D /* Release */,
			);
			defaultConfigurationIsVisible = 0;
			defaultConfigurationName = Release;
		};
		0BF84FE8294632A8004F044D /* Build configuration list for PBXNativeTarget "PodCastTests" */ = {
			isa = XCConfigurationList;
			buildConfigurations = (
				0BF84FE9294632A8004F044D /* Debug */,
				0BF84FEA294632A8004F044D /* Release */,
			);
			defaultConfigurationIsVisible = 0;
			defaultConfigurationName = Release;
		};
		0BF84FEB294632A8004F044D /* Build configuration list for PBXNativeTarget "PodCastUITests" */ = {
			isa = XCConfigurationList;
			buildConfigurations = (
				0BF84FEC294632A8004F044D /* Debug */,
				0BF84FED294632A8004F044D /* Release */,
			);
			defaultConfigurationIsVisible = 0;
			defaultConfigurationName = Release;
		};
/* End XCConfigurationList section */

/* Begin XCRemoteSwiftPackageReference section */
		0B6F5969294C5CF200D05C2A /* XCRemoteSwiftPackageReference "SnapKit" */ = {
			isa = XCRemoteSwiftPackageReference;
			repositoryURL = "https://github.com/SnapKit/SnapKit.git";
			requirement = {
				kind = upToNextMajorVersion;
				minimumVersion = 5.0.0;
			};
		};
		0BF8504F29484041004F044D /* XCRemoteSwiftPackageReference "SDWebImage" */ = {
			isa = XCRemoteSwiftPackageReference;
			repositoryURL = "https://github.com/SDWebImage/SDWebImage.git";
			requirement = {
				kind = upToNextMajorVersion;
				minimumVersion = 5.0.0;
			};
		};
		0BF850992949F799004F044D /* XCRemoteSwiftPackageReference "FeedKit" */ = {
			isa = XCRemoteSwiftPackageReference;
			repositoryURL = "https://github.com/nmdias/FeedKit.git";
			requirement = {
				kind = upToNextMajorVersion;
				minimumVersion = 9.0.0;
			};
		};
/* End XCRemoteSwiftPackageReference section */

/* Begin XCSwiftPackageProductDependency section */
		0B6F596A294C5CF200D05C2A /* SnapKit */ = {
			isa = XCSwiftPackageProductDependency;
			package = 0B6F5969294C5CF200D05C2A /* XCRemoteSwiftPackageReference "SnapKit" */;
			productName = SnapKit;
		};
		0BF8505029484041004F044D /* SDWebImage */ = {
			isa = XCSwiftPackageProductDependency;
			package = 0BF8504F29484041004F044D /* XCRemoteSwiftPackageReference "SDWebImage" */;
			productName = SDWebImage;
		};
		0BF8509A2949F799004F044D /* FeedKit */ = {
			isa = XCSwiftPackageProductDependency;
			package = 0BF850992949F799004F044D /* XCRemoteSwiftPackageReference "FeedKit" */;
			productName = FeedKit;
		};
/* End XCSwiftPackageProductDependency section */
	};
	rootObject = 0BF84FB3294632A6004F044D /* Project object */;
}
